{
  "object": {
    "pins": [
      {
        "package": "ABSLibrary",
        "repositoryURL": "https://github.com/dlernatovich/ArtliteBaseAppleLibrary.git",
        "state": {
          "branch": null,
          "revision": "271b099d1bf6145a8e0b41fed4a470d4e1745005",
          "version": "0.0.90"
        }
      }
    ]
  },
  "version": 1
}
